
Microsoft Visual Studio Solution File, Format Version 12.00
# Visual Studio Version 16
VisualStudioVersion = 16.0.31105.61
MinimumVisualStudioVersion = 10.0.40219.1
Project("{9A19103F-16F7-4668-BE54-9A1E7A4F7556}") = "MidTrainingProj", "MidTrainingProj\MidTrainingProj.csproj", "{46FA06F5-55B3-443D-8F73-63C6C537D5A7}"
EndProject
Project("{FAE04EC0-301F-11D3-BF4B-00C04F79EFBC}") = "MidProjectTests", "MidProjectTests\MidProjectTests.csproj", "{F2DB1C45-B467-4158-B65F-C71F022DA810}"
EndProject
Project("{FAE04EC0-301F-11D3-BF4B-00C04F79EFBC}") = "MidProjClasses", "MidProjClasses\MidProjClasses.csproj", "{C3767A26-7360-4FB2-830C-A8C90DE117E5}"
EndProject
Global
	GlobalSection(SolutionConfigurationPlatforms) = preSolution
		Debug|Any CPU = Debug|Any CPU
		Release|Any CPU = Release|Any CPU
	EndGlobalSection
	GlobalSection(ProjectConfigurationPlatforms) = postSolution
		{46FA06F5-55B3-443D-8F73-63C6C537D5A7}.Debug|Any CPU.ActiveCfg = Debug|Any CPU
		{46FA06F5-55B3-443D-8F73-63C6C537D5A7}.Debug|Any CPU.Build.0 = Debug|Any CPU
		{46FA06F5-55B3-443D-8F73-63C6C537D5A7}.Release|Any CPU.ActiveCfg = Release|Any CPU
		{46FA06F5-55B3-443D-8F73-63C6C537D5A7}.Release|Any CPU.Build.0 = Release|Any CPU
		{F2DB1C45-B467-4158-B65F-C71F022DA810}.Debug|Any CPU.ActiveCfg = Debug|Any CPU
		{F2DB1C45-B467-4158-B65F-C71F022DA810}.Debug|Any CPU.Build.0 = Debug|Any CPU
		{F2DB1C45-B467-4158-B65F-C71F022DA810}.Release|Any CPU.ActiveCfg = Release|Any CPU
		{F2DB1C45-B467-4158-B65F-C71F022DA810}.Release|Any CPU.Build.0 = Release|Any CPU
		{C3767A26-7360-4FB2-830C-A8C90DE117E5}.Debug|Any CPU.ActiveCfg = Debug|Any CPU
		{C3767A26-7360-4FB2-830C-A8C90DE117E5}.Debug|Any CPU.Build.0 = Debug|Any CPU
		{C3767A26-7360-4FB2-830C-A8C90DE117E5}.Release|Any CPU.ActiveCfg = Release|Any CPU
		{C3767A26-7360-4FB2-830C-A8C90DE117E5}.Release|Any CPU.Build.0 = Release|Any CPU
	EndGlobalSection
	GlobalSection(SolutionProperties) = preSolution
		HideSolutionNode = FALSE
	EndGlobalSection
	GlobalSection(ExtensibilityGlobals) = postSolution
		SolutionGuid = {C7EF1EB8-9DDD-4BCD-89DE-5C1315DA2E8F}
	EndGlobalSection
EndGlobal
